
Microsoft Visual Studio Solution File, Format Version 12.00
# Visual Studio Version 17
VisualStudioVersion = 17.9.34701.34
MinimumVisualStudioVersion = 10.0.40219.1
Project("{FAE04EC0-301F-11D3-BF4B-00C04F79EFBC}") = "TVCaKoi.Web", "TVCaKoi.Web\TVCaKoi.Web.csproj", "{308418B6-E6B9-4F94-B8BC-918BF9DC55F9}"
EndProject
Project("{FAE04EC0-301F-11D3-BF4B-00C04F79EFBC}") = "TVCaKoi.BLL", "TVCaKoi.BLL\TVCaKoi.BLL.csproj", "{05EC433E-45E8-4719-BE9F-544840A60A72}"
EndProject
Project("{FAE04EC0-301F-11D3-BF4B-00C04F79EFBC}") = "TVCaKoi.Common", "TVCaKoi.Common\TVCaKoi.Common.csproj", "{9C7B483E-74F1-4C04-A85B-4A2FBE24565C}"
EndProject
Project("{FAE04EC0-301F-11D3-BF4B-00C04F79EFBC}") = "TVCaKoi.DAL", "TVCaKoi.DAL\TVCaKoi.DAL.csproj", "{4E216F60-644E-4ACD-A33F-FF10A728CF54}"
EndProject
Global
	GlobalSection(SolutionConfigurationPlatforms) = preSolution
		Debug|Any CPU = Debug|Any CPU
		Release|Any CPU = Release|Any CPU
	EndGlobalSection
	GlobalSection(ProjectConfigurationPlatforms) = postSolution
		{308418B6-E6B9-4F94-B8BC-918BF9DC55F9}.Debug|Any CPU.ActiveCfg = Debug|Any CPU
		{308418B6-E6B9-4F94-B8BC-918BF9DC55F9}.Debug|Any CPU.Build.0 = Debug|Any CPU
		{308418B6-E6B9-4F94-B8BC-918BF9DC55F9}.Release|Any CPU.ActiveCfg = Release|Any CPU
		{308418B6-E6B9-4F94-B8BC-918BF9DC55F9}.Release|Any CPU.Build.0 = Release|Any CPU
		{05EC433E-45E8-4719-BE9F-544840A60A72}.Debug|Any CPU.ActiveCfg = Debug|Any CPU
		{05EC433E-45E8-4719-BE9F-544840A60A72}.Debug|Any CPU.Build.0 = Debug|Any CPU
		{05EC433E-45E8-4719-BE9F-544840A60A72}.Release|Any CPU.ActiveCfg = Release|Any CPU
		{05EC433E-45E8-4719-BE9F-544840A60A72}.Release|Any CPU.Build.0 = Release|Any CPU
		{9C7B483E-74F1-4C04-A85B-4A2FBE24565C}.Debug|Any CPU.ActiveCfg = Debug|Any CPU
		{9C7B483E-74F1-4C04-A85B-4A2FBE24565C}.Debug|Any CPU.Build.0 = Debug|Any CPU
		{9C7B483E-74F1-4C04-A85B-4A2FBE24565C}.Release|Any CPU.ActiveCfg = Release|Any CPU
		{9C7B483E-74F1-4C04-A85B-4A2FBE24565C}.Release|Any CPU.Build.0 = Release|Any CPU
		{4E216F60-644E-4ACD-A33F-FF10A728CF54}.Debug|Any CPU.ActiveCfg = Debug|Any CPU
		{4E216F60-644E-4ACD-A33F-FF10A728CF54}.Debug|Any CPU.Build.0 = Debug|Any CPU
		{4E216F60-644E-4ACD-A33F-FF10A728CF54}.Release|Any CPU.ActiveCfg = Release|Any CPU
		{4E216F60-644E-4ACD-A33F-FF10A728CF54}.Release|Any CPU.Build.0 = Release|Any CPU
	EndGlobalSection
	GlobalSection(SolutionProperties) = preSolution
		HideSolutionNode = FALSE
	EndGlobalSection
	GlobalSection(ExtensibilityGlobals) = postSolution
		SolutionGuid = {166A4977-A48B-4B8C-B7C8-9750A1646456}
	EndGlobalSection
EndGlobal
